
Microsoft Visual Studio Solution File, Format Version 12.00
Project("{FAE04EC0-301F-11D3-BF4B-00C04F79EFBC}") = "Commodity.API", "Commodity.API.csproj", "{74FED5A0-EFBA-4C16-8001-3B2D5CF8BD7F}"
EndProject
Global
	GlobalSection(SolutionConfigurationPlatforms) = preSolution
		Debug|Any CPU = Debug|Any CPU
		Release|Any CPU = Release|Any CPU
	EndGlobalSection
	GlobalSection(ProjectConfigurationPlatforms) = postSolution
		{74FED5A0-EFBA-4C16-8001-3B2D5CF8BD7F}.Debug|Any CPU.ActiveCfg = Debug|Any CPU
		{74FED5A0-EFBA-4C16-8001-3B2D5CF8BD7F}.Debug|Any CPU.Build.0 = Debug|Any CPU
		{74FED5A0-EFBA-4C16-8001-3B2D5CF8BD7F}.Release|Any CPU.ActiveCfg = Release|Any CPU
		{74FED5A0-EFBA-4C16-8001-3B2D5CF8BD7F}.Release|Any CPU.Build.0 = Release|Any CPU
	EndGlobalSection
EndGlobal
